
Microsoft Visual Studio Solution File, Format Version 12.00
# Visual Studio Version 17
VisualStudioVersion = 17.4.33110.190
MinimumVisualStudioVersion = 10.0.40219.1
Project("{FAE04EC0-301F-11D3-BF4B-00C04F79EFBC}") = "WebMVCEjemplos", "WebMVCEjemplos\WebMVCEjemplos.csproj", "{FFD13938-037A-4E0C-B609-B33EE02945A5}"
EndProject
Project("{FAE04EC0-301F-11D3-BF4B-00C04F79EFBC}") = "EntityFrameworkExample", "EntityFrameworkExample\EntityFrameworkExample.csproj", "{D1922CD9-0548-4111-AB53-64010A2A5C14}"
EndProject
Global
	GlobalSection(SolutionConfigurationPlatforms) = preSolution
		Debug|Any CPU = Debug|Any CPU
		Release|Any CPU = Release|Any CPU
	EndGlobalSection
	GlobalSection(ProjectConfigurationPlatforms) = postSolution
		{FFD13938-037A-4E0C-B609-B33EE02945A5}.Debug|Any CPU.ActiveCfg = Debug|Any CPU
		{FFD13938-037A-4E0C-B609-B33EE02945A5}.Debug|Any CPU.Build.0 = Debug|Any CPU
		{FFD13938-037A-4E0C-B609-B33EE02945A5}.Release|Any CPU.ActiveCfg = Release|Any CPU
		{FFD13938-037A-4E0C-B609-B33EE02945A5}.Release|Any CPU.Build.0 = Release|Any CPU
		{D1922CD9-0548-4111-AB53-64010A2A5C14}.Debug|Any CPU.ActiveCfg = Debug|Any CPU
		{D1922CD9-0548-4111-AB53-64010A2A5C14}.Debug|Any CPU.Build.0 = Debug|Any CPU
		{D1922CD9-0548-4111-AB53-64010A2A5C14}.Release|Any CPU.ActiveCfg = Release|Any CPU
		{D1922CD9-0548-4111-AB53-64010A2A5C14}.Release|Any CPU.Build.0 = Release|Any CPU
	EndGlobalSection
	GlobalSection(SolutionProperties) = preSolution
		HideSolutionNode = FALSE
	EndGlobalSection
	GlobalSection(ExtensibilityGlobals) = postSolution
		SolutionGuid = {C858C40B-7B7B-4094-B075-51D12C1ADFDC}
	EndGlobalSection
EndGlobal
